// !$*UTF8*$!
{
	archiveVersion = 1;
	classes = {
	};
	objectVersion = 50;
	objects = {

/* Begin PBXBuildFile section */
		2D76D4FB221F8C970046D5BA /* Pruebas.cpp in Sources */ = {isa = PBXBuildFile; fileRef = 2D76D4F6221F8C970046D5BA /* Pruebas.cpp */; };
		2D76D4FC221F8C970046D5BA /* Archivo.cpp in Sources */ = {isa = PBXBuildFile; fileRef = 2D76D4F7221F8C970046D5BA /* Archivo.cpp */; };
		2D76D4FD221F8C970046D5BA /* ListaStrings.cpp in Sources */ = {isa = PBXBuildFile; fileRef = 2D76D4F8221F8C970046D5BA /* ListaStrings.cpp */; };
		2D7DDE4222166B2D00085B8F /* main.cpp in Sources */ = {isa = PBXBuildFile; fileRef = 2D7DDE4122166B2D00085B8F /* main.cpp */; };
		2D7DDE4A22166DFB00085B8F /* Boolean.cpp in Sources */ = {isa = PBXBuildFile; fileRef = 2D7DDE4822166DFB00085B8F /* Boolean.cpp */; };
		2D7DDE5022166EC200085B8F /* String.cpp in Sources */ = {isa = PBXBuildFile; fileRef = 2D7DDE4E22166EC200085B8F /* String.cpp */; };
		2D7DDE5822166FC600085B8F /* Parser.cpp in Sources */ = {isa = PBXBuildFile; fileRef = 2D7DDE5622166FC600085B8F /* Parser.cpp */; };
		2D7DDE5C22166FDD00085B8F /* Error.cpp in Sources */ = {isa = PBXBuildFile; fileRef = 2D7DDE5A22166FDD00085B8F /* Error.cpp */; };
		2D7DDE6E221671CD00085B8F /* Polinomio.cpp in Sources */ = {isa = PBXBuildFile; fileRef = 2D7DDE6C221671CD00085B8F /* Polinomio.cpp */; };
		2D7DDE71221671DB00085B8F /* Termino.cpp in Sources */ = {isa = PBXBuildFile; fileRef = 2D7DDE6F221671DB00085B8F /* Termino.cpp */; };
		2D7DDE74221671E800085B8F /* Terminos.cpp in Sources */ = {isa = PBXBuildFile; fileRef = 2D7DDE72221671E800085B8F /* Terminos.cpp */; };
		2D7DDE77221671FD00085B8F /* Polinomios.cpp in Sources */ = {isa = PBXBuildFile; fileRef = 2D7DDE75221671FD00085B8F /* Polinomios.cpp */; };
/* End PBXBuildFile section */

/* Begin PBXCopyFilesBuildPhase section */
		2D7DDE3C22166B2D00085B8F /* CopyFiles */ = {
			isa = PBXCopyFilesBuildPhase;
			buildActionMask = 2147483647;
			dstPath = /usr/share/man/man1/;
			dstSubfolderSpec = 0;
			files = (
			);
			runOnlyForDeploymentPostprocessing = 1;
		};
/* End PBXCopyFilesBuildPhase section */

/* Begin PBXFileReference section */
		2D76D4F5221F8C970046D5BA /* Pruebas.h */ = {isa = PBXFileReference; fileEncoding = 4; lastKnownFileType = sourcecode.c.h; path = Pruebas.h; sourceTree = "<group>"; };
		2D76D4F6221F8C970046D5BA /* Pruebas.cpp */ = {isa = PBXFileReference; fileEncoding = 4; lastKnownFileType = sourcecode.cpp.cpp; path = Pruebas.cpp; sourceTree = "<group>"; };
		2D76D4F7221F8C970046D5BA /* Archivo.cpp */ = {isa = PBXFileReference; fileEncoding = 4; lastKnownFileType = sourcecode.cpp.cpp; path = Archivo.cpp; sourceTree = "<group>"; };
		2D76D4F8221F8C970046D5BA /* ListaStrings.cpp */ = {isa = PBXFileReference; fileEncoding = 4; lastKnownFileType = sourcecode.cpp.cpp; path = ListaStrings.cpp; sourceTree = "<group>"; };
		2D76D4F9221F8C970046D5BA /* ListaStrings.h */ = {isa = PBXFileReference; fileEncoding = 4; lastKnownFileType = sourcecode.c.h; path = ListaStrings.h; sourceTree = "<group>"; };
		2D76D4FA221F8C970046D5BA /* Archivo.h */ = {isa = PBXFileReference; fileEncoding = 4; lastKnownFileType = sourcecode.c.h; path = Archivo.h; sourceTree = "<group>"; };
		2D7DDE3E22166B2D00085B8F /* PolynomialCalculator */ = {isa = PBXFileReference; explicitFileType = "compiled.mach-o.executable"; includeInIndex = 0; path = PolynomialCalculator; sourceTree = BUILT_PRODUCTS_DIR; };
		2D7DDE4122166B2D00085B8F /* main.cpp */ = {isa = PBXFileReference; lastKnownFileType = sourcecode.cpp.cpp; path = main.cpp; sourceTree = "<group>"; };
		2D7DDE4822166DFB00085B8F /* Boolean.cpp */ = {isa = PBXFileReference; lastKnownFileType = sourcecode.cpp.cpp; path = Boolean.cpp; sourceTree = "<group>"; };
		2D7DDE4C22166EC200085B8F /* Boolean.h */ = {isa = PBXFileReference; fileEncoding = 4; lastKnownFileType = sourcecode.c.h; path = Boolean.h; sourceTree = "<group>"; };
		2D7DDE4D22166EC200085B8F /* String.h */ = {isa = PBXFileReference; fileEncoding = 4; lastKnownFileType = sourcecode.c.h; path = String.h; sourceTree = "<group>"; };
		2D7DDE4E22166EC200085B8F /* String.cpp */ = {isa = PBXFileReference; fileEncoding = 4; lastKnownFileType = sourcecode.cpp.cpp; path = String.cpp; sourceTree = "<group>"; };
		2D7DDE5622166FC600085B8F /* Parser.cpp */ = {isa = PBXFileReference; lastKnownFileType = sourcecode.cpp.cpp; path = Parser.cpp; sourceTree = "<group>"; };
		2D7DDE5722166FC600085B8F /* Parser.h */ = {isa = PBXFileReference; lastKnownFileType = sourcecode.c.h; path = Parser.h; sourceTree = "<group>"; };
		2D7DDE5A22166FDD00085B8F /* Error.cpp */ = {isa = PBXFileReference; lastKnownFileType = sourcecode.cpp.cpp; path = Error.cpp; sourceTree = "<group>"; };
		2D7DDE5B22166FDD00085B8F /* Error.h */ = {isa = PBXFileReference; lastKnownFileType = sourcecode.c.h; path = Error.h; sourceTree = "<group>"; };
		2D7DDE6C221671CD00085B8F /* Polinomio.cpp */ = {isa = PBXFileReference; lastKnownFileType = sourcecode.cpp.cpp; path = Polinomio.cpp; sourceTree = "<group>"; };
		2D7DDE6D221671CD00085B8F /* Polinomio.h */ = {isa = PBXFileReference; lastKnownFileType = sourcecode.c.h; path = Polinomio.h; sourceTree = "<group>"; };
		2D7DDE6F221671DB00085B8F /* Termino.cpp */ = {isa = PBXFileReference; lastKnownFileType = sourcecode.cpp.cpp; path = Termino.cpp; sourceTree = "<group>"; };
		2D7DDE70221671DB00085B8F /* Termino.h */ = {isa = PBXFileReference; lastKnownFileType = sourcecode.c.h; path = Termino.h; sourceTree = "<group>"; };
		2D7DDE72221671E800085B8F /* Terminos.cpp */ = {isa = PBXFileReference; lastKnownFileType = sourcecode.cpp.cpp; path = Terminos.cpp; sourceTree = "<group>"; };
		2D7DDE73221671E800085B8F /* Terminos.h */ = {isa = PBXFileReference; lastKnownFileType = sourcecode.c.h; path = Terminos.h; sourceTree = "<group>"; };
		2D7DDE75221671FD00085B8F /* Polinomios.cpp */ = {isa = PBXFileReference; lastKnownFileType = sourcecode.cpp.cpp; path = Polinomios.cpp; sourceTree = "<group>"; };
		2D7DDE76221671FD00085B8F /* Polinomios.h */ = {isa = PBXFileReference; lastKnownFileType = sourcecode.c.h; path = Polinomios.h; sourceTree = "<group>"; };
/* End PBXFileReference section */

/* Begin PBXFrameworksBuildPhase section */
		2D7DDE3B22166B2D00085B8F /* Frameworks */ = {
			isa = PBXFrameworksBuildPhase;
			buildActionMask = 2147483647;
			files = (
			);
			runOnlyForDeploymentPostprocessing = 0;
		};
/* End PBXFrameworksBuildPhase section */

/* Begin PBXGroup section */
		2D76D4FE221F8CD00046D5BA /* Pruebas */ = {
			isa = PBXGroup;
			children = (
				2D76D4F6221F8C970046D5BA /* Pruebas.cpp */,
				2D76D4F5221F8C970046D5BA /* Pruebas.h */,
			);
			name = Pruebas;
			sourceTree = "<group>";
		};
		2D7DDE3522166B2D00085B8F = {
			isa = PBXGroup;
			children = (
				2D7DDE4022166B2D00085B8F /* PolynomialCalculator */,
				2D7DDE3F22166B2D00085B8F /* Products */,
			);
			sourceTree = "<group>";
		};
		2D7DDE3F22166B2D00085B8F /* Products */ = {
			isa = PBXGroup;
			children = (
				2D7DDE3E22166B2D00085B8F /* PolynomialCalculator */,
			);
			name = Products;
			sourceTree = "<group>";
		};
		2D7DDE4022166B2D00085B8F /* PolynomialCalculator */ = {
			isa = PBXGroup;
			children = (
				2D76D4FE221F8CD00046D5BA /* Pruebas */,
				2D7DDE5522166F8C00085B8F /* Modules */,
				2D7DDE5422166F6600085B8F /* Basic */,
				2D7DDE5322166F3E00085B8F /* Main */,
			);
			path = PolynomialCalculator;
			sourceTree = "<group>";
		};
		2D7DDE5322166F3E00085B8F /* Main */ = {
			isa = PBXGroup;
			children = (
				2D76D4F7221F8C970046D5BA /* Archivo.cpp */,
				2D76D4FA221F8C970046D5BA /* Archivo.h */,
				2D7DDE4122166B2D00085B8F /* main.cpp */,
			);
			name = Main;
			sourceTree = "<group>";
		};
		2D7DDE5422166F6600085B8F /* Basic */ = {
			isa = PBXGroup;
			children = (
				2D76D4F8221F8C970046D5BA /* ListaStrings.cpp */,
				2D76D4F9221F8C970046D5BA /* ListaStrings.h */,
				2D7DDE4E22166EC200085B8F /* String.cpp */,
				2D7DDE4D22166EC200085B8F /* String.h */,
				2D7DDE4822166DFB00085B8F /* Boolean.cpp */,
				2D7DDE4C22166EC200085B8F /* Boolean.h */,
			);
			name = Basic;
			sourceTree = "<group>";
		};
		2D7DDE5522166F8C00085B8F /* Modules */ = {
			isa = PBXGroup;
			children = (
				2D7DDE5622166FC600085B8F /* Parser.cpp */,
				2D7DDE5722166FC600085B8F /* Parser.h */,
				2D7DDE5A22166FDD00085B8F /* Error.cpp */,
				2D7DDE5B22166FDD00085B8F /* Error.h */,
				2D7DDE6C221671CD00085B8F /* Polinomio.cpp */,
				2D7DDE6D221671CD00085B8F /* Polinomio.h */,
				2D7DDE6F221671DB00085B8F /* Termino.cpp */,
				2D7DDE70221671DB00085B8F /* Termino.h */,
				2D7DDE72221671E800085B8F /* Terminos.cpp */,
				2D7DDE73221671E800085B8F /* Terminos.h */,
				2D7DDE75221671FD00085B8F /* Polinomios.cpp */,
				2D7DDE76221671FD00085B8F /* Polinomios.h */,
			);
			name = Modules;
			sourceTree = "<group>";
		};
/* End PBXGroup section */

/* Begin PBXNativeTarget section */
		2D7DDE3D22166B2D00085B8F /* PolynomialCalculator */ = {
			isa = PBXNativeTarget;
			buildConfigurationList = 2D7DDE4522166B2D00085B8F /* Build configuration list for PBXNativeTarget "PolynomialCalculator" */;
			buildPhases = (
				2D7DDE3A22166B2D00085B8F /* Sources */,
				2D7DDE3B22166B2D00085B8F /* Frameworks */,
				2D7DDE3C22166B2D00085B8F /* CopyFiles */,
			);
			buildRules = (
			);
			dependencies = (
			);
			name = PolynomialCalculator;
			productName = PolynomialCalculator;
			productReference = 2D7DDE3E22166B2D00085B8F /* PolynomialCalculator */;
			productType = "com.apple.product-type.tool";
		};
/* End PBXNativeTarget section */

/* Begin PBXProject section */
		2D7DDE3622166B2D00085B8F /* Project object */ = {
			isa = PBXProject;
			attributes = {
				LastUpgradeCheck = 1010;
				ORGANIZATIONNAME = Code4Business;
				TargetAttributes = {
					2D7DDE3D22166B2D00085B8F = {
						CreatedOnToolsVersion = 10.1;
					};
				};
			};
			buildConfigurationList = 2D7DDE3922166B2D00085B8F /* Build configuration list for PBXProject "PolynomialCalculator" */;
			compatibilityVersion = "Xcode 9.3";
			developmentRegion = en;
			hasScannedForEncodings = 0;
			knownRegions = (
				en,
			);
			mainGroup = 2D7DDE3522166B2D00085B8F;
			productRefGroup = 2D7DDE3F22166B2D00085B8F /* Products */;
			projectDirPath = "";
			projectRoot = "";
			targets = (
				2D7DDE3D22166B2D00085B8F /* PolynomialCalculator */,
			);
		};
/* End PBXProject section */

/* Begin PBXSourcesBuildPhase section */
		2D7DDE3A22166B2D00085B8F /* Sources */ = {
			isa = PBXSourcesBuildPhase;
			buildActionMask = 2147483647;
			files = (
				2D7DDE5C22166FDD00085B8F /* Error.cpp in Sources */,
				2D7DDE4A22166DFB00085B8F /* Boolean.cpp in Sources */,
				2D7DDE77221671FD00085B8F /* Polinomios.cpp in Sources */,
				2D7DDE6E221671CD00085B8F /* Polinomio.cpp in Sources */,
				2D76D4FB221F8C970046D5BA /* Pruebas.cpp in Sources */,
				2D7DDE5022166EC200085B8F /* String.cpp in Sources */,
				2D76D4FD221F8C970046D5BA /* ListaStrings.cpp in Sources */,
				2D7DDE5822166FC600085B8F /* Parser.cpp in Sources */,
				2D7DDE4222166B2D00085B8F /* main.cpp in Sources */,
				2D76D4FC221F8C970046D5BA /* Archivo.cpp in Sources */,
				2D7DDE74221671E800085B8F /* Terminos.cpp in Sources */,
				2D7DDE71221671DB00085B8F /* Termino.cpp in Sources */,
			);
			runOnlyForDeploymentPostprocessing = 0;
		};
/* End PBXSourcesBuildPhase section */

/* Begin XCBuildConfiguration section */
		2D7DDE4322166B2D00085B8F /* Debug */ = {
			isa = XCBuildConfiguration;
			buildSettings = {
				ALWAYS_SEARCH_USER_PATHS = NO;
				CLANG_ANALYZER_NONNULL = YES;
				CLANG_ANALYZER_NUMBER_OBJECT_CONVERSION = YES_AGGRESSIVE;
				CLANG_CXX_LANGUAGE_STANDARD = "gnu++14";
				CLANG_CXX_LIBRARY = "libc++";
				CLANG_ENABLE_MODULES = YES;
				CLANG_ENABLE_OBJC_ARC = YES;
				CLANG_ENABLE_OBJC_WEAK = YES;
				CLANG_WARN_BLOCK_CAPTURE_AUTORELEASING = YES;
				CLANG_WARN_BOOL_CONVERSION = YES;
				CLANG_WARN_COMMA = YES;
				CLANG_WARN_CONSTANT_CONVERSION = YES;
				CLANG_WARN_DEPRECATED_OBJC_IMPLEMENTATIONS = YES;
				CLANG_WARN_DIRECT_OBJC_ISA_USAGE = YES_ERROR;
				CLANG_WARN_DOCUMENTATION_COMMENTS = YES;
				CLANG_WARN_EMPTY_BODY = YES;
				CLANG_WARN_ENUM_CONVERSION = YES;
				CLANG_WARN_INFINITE_RECURSION = YES;
				CLANG_WARN_INT_CONVERSION = YES;
				CLANG_WARN_NON_LITERAL_NULL_CONVERSION = YES;
				CLANG_WARN_OBJC_IMPLICIT_RETAIN_SELF = YES;
				CLANG_WARN_OBJC_LITERAL_CONVERSION = YES;
				CLANG_WARN_OBJC_ROOT_CLASS = YES_ERROR;
				CLANG_WARN_RANGE_LOOP_ANALYSIS = YES;
				CLANG_WARN_STRICT_PROTOTYPES = YES;
				CLANG_WARN_SUSPICIOUS_MOVE = YES;
				CLANG_WARN_UNGUARDED_AVAILABILITY = YES_AGGRESSIVE;
				CLANG_WARN_UNREACHABLE_CODE = YES;
				CLANG_WARN__DUPLICATE_METHOD_MATCH = YES;
				CODE_SIGN_IDENTITY = "Mac Developer";
				COPY_PHASE_STRIP = NO;
				DEBUG_INFORMATION_FORMAT = dwarf;
				ENABLE_STRICT_OBJC_MSGSEND = YES;
				ENABLE_TESTABILITY = YES;
				GCC_C_LANGUAGE_STANDARD = gnu11;
				GCC_DYNAMIC_NO_PIC = NO;
				GCC_NO_COMMON_BLOCKS = YES;
				GCC_OPTIMIZATION_LEVEL = 0;
				GCC_PREPROCESSOR_DEFINITIONS = (
					"DEBUG=1",
					"$(inherited)",
				);
				GCC_WARN_64_TO_32_BIT_CONVERSION = YES;
				GCC_WARN_ABOUT_RETURN_TYPE = YES_ERROR;
				GCC_WARN_UNDECLARED_SELECTOR = YES;
				GCC_WARN_UNINITIALIZED_AUTOS = YES_AGGRESSIVE;
				GCC_WARN_UNUSED_FUNCTION = YES;
				GCC_WARN_UNUSED_VARIABLE = YES;
				MACOSX_DEPLOYMENT_TARGET = 10.14;
				MTL_ENABLE_DEBUG_INFO = INCLUDE_SOURCE;
				MTL_FAST_MATH = YES;
				ONLY_ACTIVE_ARCH = YES;
				SDKROOT = macosx;
			};
			name = Debug;
		};
		2D7DDE4422166B2D00085B8F /* Release */ = {
			isa = XCBuildConfiguration;
			buildSettings = {
				ALWAYS_SEARCH_USER_PATHS = NO;
				CLANG_ANALYZER_NONNULL = YES;
				CLANG_ANALYZER_NUMBER_OBJECT_CONVERSION = YES_AGGRESSIVE;
				CLANG_CXX_LANGUAGE_STANDARD = "gnu++14";
				CLANG_CXX_LIBRARY = "libc++";
				CLANG_ENABLE_MODULES = YES;
				CLANG_ENABLE_OBJC_ARC = YES;
				CLANG_ENABLE_OBJC_WEAK = YES;
				CLANG_WARN_BLOCK_CAPTURE_AUTORELEASING = YES;
				CLANG_WARN_BOOL_CONVERSION = YES;
				CLANG_WARN_COMMA = YES;
				CLANG_WARN_CONSTANT_CONVERSION = YES;
				CLANG_WARN_DEPRECATED_OBJC_IMPLEMENTATIONS = YES;
				CLANG_WARN_DIRECT_OBJC_ISA_USAGE = YES_ERROR;
				CLANG_WARN_DOCUMENTATION_COMMENTS = YES;
				CLANG_WARN_EMPTY_BODY = YES;
				CLANG_WARN_ENUM_CONVERSION = YES;
				CLANG_WARN_INFINITE_RECURSION = YES;
				CLANG_WARN_INT_CONVERSION = YES;
				CLANG_WARN_NON_LITERAL_NULL_CONVERSION = YES;
				CLANG_WARN_OBJC_IMPLICIT_RETAIN_SELF = YES;
				CLANG_WARN_OBJC_LITERAL_CONVERSION = YES;
				CLANG_WARN_OBJC_ROOT_CLASS = YES_ERROR;
				CLANG_WARN_RANGE_LOOP_ANALYSIS = YES;
				CLANG_WARN_STRICT_PROTOTYPES = YES;
				CLANG_WARN_SUSPICIOUS_MOVE = YES;
				CLANG_WARN_UNGUARDED_AVAILABILITY = YES_AGGRESSIVE;
				CLANG_WARN_UNREACHABLE_CODE = YES;
				CLANG_WARN__DUPLICATE_METHOD_MATCH = YES;
				CODE_SIGN_IDENTITY = "Mac Developer";
				COPY_PHASE_STRIP = NO;
				DEBUG_INFORMATION_FORMAT = "dwarf-with-dsym";
				ENABLE_NS_ASSERTIONS = NO;
				ENABLE_STRICT_OBJC_MSGSEND = YES;
				GCC_C_LANGUAGE_STANDARD = gnu11;
				GCC_NO_COMMON_BLOCKS = YES;
				GCC_WARN_64_TO_32_BIT_CONVERSION = YES;
				GCC_WARN_ABOUT_RETURN_TYPE = YES_ERROR;
				GCC_WARN_UNDECLARED_SELECTOR = YES;
				GCC_WARN_UNINITIALIZED_AUTOS = YES_AGGRESSIVE;
				GCC_WARN_UNUSED_FUNCTION = YES;
				GCC_WARN_UNUSED_VARIABLE = YES;
				MACOSX_DEPLOYMENT_TARGET = 10.14;
				MTL_ENABLE_DEBUG_INFO = NO;
				MTL_FAST_MATH = YES;
				SDKROOT = macosx;
			};
			name = Release;
		};
		2D7DDE4622166B2D00085B8F /* Debug */ = {
			isa = XCBuildConfiguration;
			buildSettings = {
				CODE_SIGN_STYLE = Automatic;
				DEVELOPMENT_TEAM = 7G95J9NSKH;
				PRODUCT_NAME = "$(TARGET_NAME)";
			};
			name = Debug;
		};
		2D7DDE4722166B2D00085B8F /* Release */ = {
			isa = XCBuildConfiguration;
			buildSettings = {
				CODE_SIGN_STYLE = Automatic;
				DEVELOPMENT_TEAM = 7G95J9NSKH;
				PRODUCT_NAME = "$(TARGET_NAME)";
			};
			name = Release;
		};
/* End XCBuildConfiguration section */

/* Begin XCConfigurationList section */
		2D7DDE3922166B2D00085B8F /* Build configuration list for PBXProject "PolynomialCalculator" */ = {
			isa = XCConfigurationList;
			buildConfigurations = (
				2D7DDE4322166B2D00085B8F /* Debug */,
				2D7DDE4422166B2D00085B8F /* Release */,
			);
			defaultConfigurationIsVisible = 0;
			defaultConfigurationName = Release;
		};
		2D7DDE4522166B2D00085B8F /* Build configuration list for PBXNativeTarget "PolynomialCalculator" */ = {
			isa = XCConfigurationList;
			buildConfigurations = (
				2D7DDE4622166B2D00085B8F /* Debug */,
				2D7DDE4722166B2D00085B8F /* Release */,
			);
			defaultConfigurationIsVisible = 0;
			defaultConfigurationName = Release;
		};
/* End XCConfigurationList section */
	};
	rootObject = 2D7DDE3622166B2D00085B8F /* Project object */;
}
